
Microsoft Visual Studio Solution File, Format Version 12.00
# Visual Studio Version 17
VisualStudioVersion = 17.0.31903.59
MinimumVisualStudioVersion = 10.0.40219.1
Project("{9A19103F-16F7-4668-BE54-9A1E7A4F7556}") = "SimpleGame", "SimpleGame\SimpleGame.csproj", "{C2AAA7AA-F647-43C1-99EF-7BB36340E56D}"
EndProject
Project("{9A19103F-16F7-4668-BE54-9A1E7A4F7556}") = "SimpleGame.Tests", "SimpleGame.Tests\SimpleGame.Tests.csproj", "{BAFDF354-3ED3-403E-9D6D-0F8F3C0ECF8C}"
EndProject
Project("{FAE04EC0-301F-11D3-BF4B-00C04F79EFBC}") = "Runner", "Runner\Runner.csproj", "{21AD305D-CF63-487D-AFB8-668A18CD210F}"
EndProject
Global
	GlobalSection(SolutionConfigurationPlatforms) = preSolution
		Debug|Any CPU = Debug|Any CPU
		Release|Any CPU = Release|Any CPU
	EndGlobalSection
	GlobalSection(ProjectConfigurationPlatforms) = postSolution
		{C2AAA7AA-F647-43C1-99EF-7BB36340E56D}.Debug|Any CPU.ActiveCfg = Debug|Any CPU
		{C2AAA7AA-F647-43C1-99EF-7BB36340E56D}.Debug|Any CPU.Build.0 = Debug|Any CPU
		{C2AAA7AA-F647-43C1-99EF-7BB36340E56D}.Release|Any CPU.ActiveCfg = Release|Any CPU
		{C2AAA7AA-F647-43C1-99EF-7BB36340E56D}.Release|Any CPU.Build.0 = Release|Any CPU
		{BAFDF354-3ED3-403E-9D6D-0F8F3C0ECF8C}.Debug|Any CPU.ActiveCfg = Debug|Any CPU
		{BAFDF354-3ED3-403E-9D6D-0F8F3C0ECF8C}.Debug|Any CPU.Build.0 = Debug|Any CPU
		{BAFDF354-3ED3-403E-9D6D-0F8F3C0ECF8C}.Release|Any CPU.ActiveCfg = Release|Any CPU
		{BAFDF354-3ED3-403E-9D6D-0F8F3C0ECF8C}.Release|Any CPU.Build.0 = Release|Any CPU
		{21AD305D-CF63-487D-AFB8-668A18CD210F}.Debug|Any CPU.ActiveCfg = Debug|Any CPU
		{21AD305D-CF63-487D-AFB8-668A18CD210F}.Debug|Any CPU.Build.0 = Debug|Any CPU
		{21AD305D-CF63-487D-AFB8-668A18CD210F}.Release|Any CPU.ActiveCfg = Release|Any CPU
		{21AD305D-CF63-487D-AFB8-668A18CD210F}.Release|Any CPU.Build.0 = Release|Any CPU
	EndGlobalSection
	GlobalSection(SolutionProperties) = preSolution
		HideSolutionNode = FALSE
	EndGlobalSection
	GlobalSection(ExtensibilityGlobals) = postSolution
		SolutionGuid = {466FE4FA-F7C0-4263-80C8-8F3D5E67B5F7}
	EndGlobalSection
EndGlobal
